
Microsoft Visual Studio Solution File, Format Version 12.00
Project("{FAE04EC0-301F-11D3-BF4B-00C04F79EFBC}") = "SE 307 Lab 2", "SE 307 Lab 2\SE 307 Lab 2.csproj", "{DDA919E6-9DF6-45D9-AF04-8C8506F4030B}"
EndProject
Global
	GlobalSection(SolutionConfigurationPlatforms) = preSolution
		Debug|Any CPU = Debug|Any CPU
		Release|Any CPU = Release|Any CPU
	EndGlobalSection
	GlobalSection(ProjectConfigurationPlatforms) = postSolution
		{DDA919E6-9DF6-45D9-AF04-8C8506F4030B}.Debug|Any CPU.ActiveCfg = Debug|Any CPU
		{DDA919E6-9DF6-45D9-AF04-8C8506F4030B}.Debug|Any CPU.Build.0 = Debug|Any CPU
		{DDA919E6-9DF6-45D9-AF04-8C8506F4030B}.Release|Any CPU.ActiveCfg = Release|Any CPU
		{DDA919E6-9DF6-45D9-AF04-8C8506F4030B}.Release|Any CPU.Build.0 = Release|Any CPU
	EndGlobalSection
EndGlobal
